
Microsoft Visual Studio Solution File, Format Version 12.00
# Visual Studio Version 16
VisualStudioVersion = 16.0.30717.126
MinimumVisualStudioVersion = 10.0.40219.1
Project("{9A19103F-16F7-4668-BE54-9A1E7A4F7556}") = "AWSServerless", "AWSServerless\AWSServerless.csproj", "{BDEEEC15-1EA8-479C-8A24-D5252BE60D56}"
EndProject
Global
	GlobalSection(SolutionConfigurationPlatforms) = preSolution
		Debug|Any CPU = Debug|Any CPU
		Release|Any CPU = Release|Any CPU
	EndGlobalSection
	GlobalSection(ProjectConfigurationPlatforms) = postSolution
		{BDEEEC15-1EA8-479C-8A24-D5252BE60D56}.Debug|Any CPU.ActiveCfg = Debug|Any CPU
		{BDEEEC15-1EA8-479C-8A24-D5252BE60D56}.Debug|Any CPU.Build.0 = Debug|Any CPU
		{BDEEEC15-1EA8-479C-8A24-D5252BE60D56}.Release|Any CPU.ActiveCfg = Release|Any CPU
		{BDEEEC15-1EA8-479C-8A24-D5252BE60D56}.Release|Any CPU.Build.0 = Release|Any CPU
	EndGlobalSection
	GlobalSection(SolutionProperties) = preSolution
		HideSolutionNode = FALSE
	EndGlobalSection
	GlobalSection(ExtensibilityGlobals) = postSolution
		SolutionGuid = {668BA813-0357-4E15-A5B8-6C917AF3A6DC}
	EndGlobalSection
EndGlobal
